
Microsoft Visual Studio Solution File, Format Version 12.00
# Visual Studio 15
VisualStudioVersion = 15.0.28307.271
MinimumVisualStudioVersion = 10.0.40219.1
Project("{8BC9CEB8-8B4A-11D0-8D11-00A0C91BC942}") = "librpc", "librpc\librpc.vcxproj", "{82BE9BD1-BFF7-4C5D-95FC-369F5589C4C4}"
EndProject
Project("{8BC9CEB8-8B4A-11D0-8D11-00A0C91BC942}") = "winrpc", "winrpc\winrpc.vcxproj", "{F55C6E42-F80F-423D-BFC8-6C6C9B6E8BA1}"
	ProjectSection(ProjectDependencies) = postProject
		{82BE9BD1-BFF7-4C5D-95FC-369F5589C4C4} = {82BE9BD1-BFF7-4C5D-95FC-369F5589C4C4}
	EndProjectSection
EndProject
Project("{8BC9CEB8-8B4A-11D0-8D11-00A0C91BC942}") = "rpcd", "rpcd\rpcd.vcxproj", "{3770EA50-4E37-49B0-8637-F9663BB0712C}"
	ProjectSection(ProjectDependencies) = postProject
		{48DBE53F-8203-4643-A831-B967145920A5} = {48DBE53F-8203-4643-A831-B967145920A5}
		{CEAF0B42-D139-44FC-BD0D-32E8714C4517} = {CEAF0B42-D139-44FC-BD0D-32E8714C4517}
		{1AE4B163-E857-4C68-A85B-AF90AF45836C} = {1AE4B163-E857-4C68-A85B-AF90AF45836C}
		{2FC14865-015B-4849-9FB6-B2C960AA9ADF} = {2FC14865-015B-4849-9FB6-B2C960AA9ADF}
		{C0A74CA6-07AB-4C5C-A789-25BDDEC9EC3D} = {C0A74CA6-07AB-4C5C-A789-25BDDEC9EC3D}
		{6BE24CC1-8F35-4E84-A689-B9C706E695E2} = {6BE24CC1-8F35-4E84-A689-B9C706E695E2}
		{C6F084CB-E2B2-47F7-A90B-252633273D4F} = {C6F084CB-E2B2-47F7-A90B-252633273D4F}
		{82BE9BD1-BFF7-4C5D-95FC-369F5589C4C4} = {82BE9BD1-BFF7-4C5D-95FC-369F5589C4C4}
	EndProjectSection
EndProject
Project("{8BC9CEB8-8B4A-11D0-8D11-00A0C91BC942}") = "libmmf", "libmmf\libmmf.vcxproj", "{6BE24CC1-8F35-4E84-A689-B9C706E695E2}"
EndProject
Project("{8BC9CEB8-8B4A-11D0-8D11-00A0C91BC942}") = "test", "test\test.vcxproj", "{2AF8A2F9-355A-4B9F-8705-2065D4C129DE}"
	ProjectSection(ProjectDependencies) = postProject
		{2FC14865-015B-4849-9FB6-B2C960AA9ADF} = {2FC14865-015B-4849-9FB6-B2C960AA9ADF}
		{6BE24CC1-8F35-4E84-A689-B9C706E695E2} = {6BE24CC1-8F35-4E84-A689-B9C706E695E2}
	EndProjectSection
EndProject
Project("{8BC9CEB8-8B4A-11D0-8D11-00A0C91BC942}") = "liblog", "liblog\liblog.vcxproj", "{2FC14865-015B-4849-9FB6-B2C960AA9ADF}"
EndProject
Project("{8BC9CEB8-8B4A-11D0-8D11-00A0C91BC942}") = "ecdh", "ecdh\ecdh.vcxproj", "{020EA52F-BD62-4994-806C-3B001E435F76}"
	ProjectSection(ProjectDependencies) = postProject
		{48DBE53F-8203-4643-A831-B967145920A5} = {48DBE53F-8203-4643-A831-B967145920A5}
	EndProjectSection
EndProject
Project("{8BC9CEB8-8B4A-11D0-8D11-00A0C91BC942}") = "fjlog", "fjlog\fjlog.vcxproj", "{8980BCA0-593A-4FF5-82A5-3A202FF0E54B}"
	ProjectSection(ProjectDependencies) = postProject
		{2FC14865-015B-4849-9FB6-B2C960AA9ADF} = {2FC14865-015B-4849-9FB6-B2C960AA9ADF}
	EndProjectSection
EndProject
Project("{8BC9CEB8-8B4A-11D0-8D11-00A0C91BC942}") = "fjlogui", "fjlogui\fjlogui.vcxproj", "{AF439554-2A91-4A0B-A1C5-B160B1D3BE36}"
	ProjectSection(ProjectDependencies) = postProject
		{2FC14865-015B-4849-9FB6-B2C960AA9ADF} = {2FC14865-015B-4849-9FB6-B2C960AA9ADF}
	EndProjectSection
EndProject
Project("{8BC9CEB8-8B4A-11D0-8D11-00A0C91BC942}") = "libsec", "libsec\libsec.vcxproj", "{48DBE53F-8203-4643-A831-B967145920A5}"
EndProject
Project("{8BC9CEB8-8B4A-11D0-8D11-00A0C91BC942}") = "liblht", "liblht\liblht.vcxproj", "{EA97F498-9F6D-4B30-9227-07812D82CF44}"
EndProject
Project("{8BC9CEB8-8B4A-11D0-8D11-00A0C91BC942}") = "lht", "lht\lht.vcxproj", "{0CCFA109-3A18-44CB-8C15-0186038BAA98}"
	ProjectSection(ProjectDependencies) = postProject
		{EA97F498-9F6D-4B30-9227-07812D82CF44} = {EA97F498-9F6D-4B30-9227-07812D82CF44}
	EndProjectSection
EndProject
Project("{8BC9CEB8-8B4A-11D0-8D11-00A0C91BC942}") = "libhostreg", "libhostreg\libhostreg.vcxproj", "{C0A74CA6-07AB-4C5C-A789-25BDDEC9EC3D}"
EndProject
Project("{8BC9CEB8-8B4A-11D0-8D11-00A0C91BC942}") = "hostreg", "hostreg\hostreg.vcxproj", "{CEAF0B42-D139-44FC-BD0D-32E8714C4517}"
	ProjectSection(ProjectDependencies) = postProject
		{C0A74CA6-07AB-4C5C-A789-25BDDEC9EC3D} = {C0A74CA6-07AB-4C5C-A789-25BDDEC9EC3D}
	EndProjectSection
EndProject
Project("{8BC9CEB8-8B4A-11D0-8D11-00A0C91BC942}") = "libhrauth", "libhrauth\libhrauth.vcxproj", "{C6F084CB-E2B2-47F7-A90B-252633273D4F}"
EndProject
Project("{8BC9CEB8-8B4A-11D0-8D11-00A0C91BC942}") = "libraft", "libraft\libraft.vcxproj", "{4FFADBA4-D038-4D2D-9847-D0ECDF291115}"
EndProject
Project("{8BC9CEB8-8B4A-11D0-8D11-00A0C91BC942}") = "raft", "raft\raft.vcxproj", "{9BBAD014-60C1-409E-A240-9A776B8CC620}"
	ProjectSection(ProjectDependencies) = postProject
		{2FC14865-015B-4849-9FB6-B2C960AA9ADF} = {2FC14865-015B-4849-9FB6-B2C960AA9ADF}
		{82BE9BD1-BFF7-4C5D-95FC-369F5589C4C4} = {82BE9BD1-BFF7-4C5D-95FC-369F5589C4C4}
	EndProjectSection
EndProject
Project("{8BC9CEB8-8B4A-11D0-8D11-00A0C91BC942}") = "libnls", "libnls\libnls.vcxproj", "{1AE4B163-E857-4C68-A85B-AF90AF45836C}"
EndProject
Project("{8BC9CEB8-8B4A-11D0-8D11-00A0C91BC942}") = "nls", "nls\nls.vcxproj", "{9985F87E-26B9-4246-8E74-3F2B1D88B652}"
	ProjectSection(ProjectDependencies) = postProject
		{1AE4B163-E857-4C68-A85B-AF90AF45836C} = {1AE4B163-E857-4C68-A85B-AF90AF45836C}
	EndProjectSection
EndProject
Global
	GlobalSection(SolutionConfigurationPlatforms) = preSolution
		Debug|Mixed Platforms = Debug|Mixed Platforms
		Debug|Win32 = Debug|Win32
		Debug|x64 = Debug|x64
		Release|Mixed Platforms = Release|Mixed Platforms
		Release|Win32 = Release|Win32
		Release|x64 = Release|x64
	EndGlobalSection
	GlobalSection(ProjectConfigurationPlatforms) = postSolution
		{82BE9BD1-BFF7-4C5D-95FC-369F5589C4C4}.Debug|Mixed Platforms.ActiveCfg = Debug|Win32
		{82BE9BD1-BFF7-4C5D-95FC-369F5589C4C4}.Debug|Mixed Platforms.Build.0 = Debug|Win32
		{82BE9BD1-BFF7-4C5D-95FC-369F5589C4C4}.Debug|Win32.ActiveCfg = Debug|Win32
		{82BE9BD1-BFF7-4C5D-95FC-369F5589C4C4}.Debug|Win32.Build.0 = Debug|Win32
		{82BE9BD1-BFF7-4C5D-95FC-369F5589C4C4}.Debug|x64.ActiveCfg = Debug|x64
		{82BE9BD1-BFF7-4C5D-95FC-369F5589C4C4}.Debug|x64.Build.0 = Debug|x64
		{82BE9BD1-BFF7-4C5D-95FC-369F5589C4C4}.Release|Mixed Platforms.ActiveCfg = Release|Win32
		{82BE9BD1-BFF7-4C5D-95FC-369F5589C4C4}.Release|Mixed Platforms.Build.0 = Release|Win32
		{82BE9BD1-BFF7-4C5D-95FC-369F5589C4C4}.Release|Win32.ActiveCfg = Release|Win32
		{82BE9BD1-BFF7-4C5D-95FC-369F5589C4C4}.Release|Win32.Build.0 = Release|Win32
		{82BE9BD1-BFF7-4C5D-95FC-369F5589C4C4}.Release|x64.ActiveCfg = Release|x64
		{82BE9BD1-BFF7-4C5D-95FC-369F5589C4C4}.Release|x64.Build.0 = Release|x64
		{F55C6E42-F80F-423D-BFC8-6C6C9B6E8BA1}.Debug|Mixed Platforms.ActiveCfg = Debug|Win32
		{F55C6E42-F80F-423D-BFC8-6C6C9B6E8BA1}.Debug|Mixed Platforms.Build.0 = Debug|Win32
		{F55C6E42-F80F-423D-BFC8-6C6C9B6E8BA1}.Debug|Win32.ActiveCfg = Debug|Win32
		{F55C6E42-F80F-423D-BFC8-6C6C9B6E8BA1}.Debug|Win32.Build.0 = Debug|Win32
		{F55C6E42-F80F-423D-BFC8-6C6C9B6E8BA1}.Debug|x64.ActiveCfg = Debug|x64
		{F55C6E42-F80F-423D-BFC8-6C6C9B6E8BA1}.Debug|x64.Build.0 = Debug|x64
		{F55C6E42-F80F-423D-BFC8-6C6C9B6E8BA1}.Release|Mixed Platforms.ActiveCfg = Release|Win32
		{F55C6E42-F80F-423D-BFC8-6C6C9B6E8BA1}.Release|Mixed Platforms.Build.0 = Release|Win32
		{F55C6E42-F80F-423D-BFC8-6C6C9B6E8BA1}.Release|Win32.ActiveCfg = Release|Win32
		{F55C6E42-F80F-423D-BFC8-6C6C9B6E8BA1}.Release|Win32.Build.0 = Release|Win32
		{F55C6E42-F80F-423D-BFC8-6C6C9B6E8BA1}.Release|x64.ActiveCfg = Release|x64
		{F55C6E42-F80F-423D-BFC8-6C6C9B6E8BA1}.Release|x64.Build.0 = Release|x64
		{3770EA50-4E37-49B0-8637-F9663BB0712C}.Debug|Mixed Platforms.ActiveCfg = Debug|Win32
		{3770EA50-4E37-49B0-8637-F9663BB0712C}.Debug|Mixed Platforms.Build.0 = Debug|Win32
		{3770EA50-4E37-49B0-8637-F9663BB0712C}.Debug|Win32.ActiveCfg = Debug|Win32
		{3770EA50-4E37-49B0-8637-F9663BB0712C}.Debug|Win32.Build.0 = Debug|Win32
		{3770EA50-4E37-49B0-8637-F9663BB0712C}.Debug|x64.ActiveCfg = Debug|x64
		{3770EA50-4E37-49B0-8637-F9663BB0712C}.Debug|x64.Build.0 = Debug|x64
		{3770EA50-4E37-49B0-8637-F9663BB0712C}.Release|Mixed Platforms.ActiveCfg = Release|Win32
		{3770EA50-4E37-49B0-8637-F9663BB0712C}.Release|Mixed Platforms.Build.0 = Release|Win32
		{3770EA50-4E37-49B0-8637-F9663BB0712C}.Release|Win32.ActiveCfg = Release|Win32
		{3770EA50-4E37-49B0-8637-F9663BB0712C}.Release|Win32.Build.0 = Release|Win32
		{3770EA50-4E37-49B0-8637-F9663BB0712C}.Release|x64.ActiveCfg = Release|x64
		{3770EA50-4E37-49B0-8637-F9663BB0712C}.Release|x64.Build.0 = Release|x64
		{6BE24CC1-8F35-4E84-A689-B9C706E695E2}.Debug|Mixed Platforms.ActiveCfg = Debug|Win32
		{6BE24CC1-8F35-4E84-A689-B9C706E695E2}.Debug|Mixed Platforms.Build.0 = Debug|Win32
		{6BE24CC1-8F35-4E84-A689-B9C706E695E2}.Debug|Win32.ActiveCfg = Debug|Win32
		{6BE24CC1-8F35-4E84-A689-B9C706E695E2}.Debug|Win32.Build.0 = Debug|Win32
		{6BE24CC1-8F35-4E84-A689-B9C706E695E2}.Debug|x64.ActiveCfg = Debug|x64
		{6BE24CC1-8F35-4E84-A689-B9C706E695E2}.Debug|x64.Build.0 = Debug|x64
		{6BE24CC1-8F35-4E84-A689-B9C706E695E2}.Release|Mixed Platforms.ActiveCfg = Release|Win32
		{6BE24CC1-8F35-4E84-A689-B9C706E695E2}.Release|Mixed Platforms.Build.0 = Release|Win32
		{6BE24CC1-8F35-4E84-A689-B9C706E695E2}.Release|Win32.ActiveCfg = Release|Win32
		{6BE24CC1-8F35-4E84-A689-B9C706E695E2}.Release|Win32.Build.0 = Release|Win32
		{6BE24CC1-8F35-4E84-A689-B9C706E695E2}.Release|x64.ActiveCfg = Release|x64
		{6BE24CC1-8F35-4E84-A689-B9C706E695E2}.Release|x64.Build.0 = Release|x64
		{2AF8A2F9-355A-4B9F-8705-2065D4C129DE}.Debug|Mixed Platforms.ActiveCfg = Debug|Win32
		{2AF8A2F9-355A-4B9F-8705-2065D4C129DE}.Debug|Mixed Platforms.Build.0 = Debug|Win32
		{2AF8A2F9-355A-4B9F-8705-2065D4C129DE}.Debug|Win32.ActiveCfg = Debug|Win32
		{2AF8A2F9-355A-4B9F-8705-2065D4C129DE}.Debug|Win32.Build.0 = Debug|Win32
		{2AF8A2F9-355A-4B9F-8705-2065D4C129DE}.Debug|x64.ActiveCfg = Debug|x64
		{2AF8A2F9-355A-4B9F-8705-2065D4C129DE}.Debug|x64.Build.0 = Debug|x64
		{2AF8A2F9-355A-4B9F-8705-2065D4C129DE}.Release|Mixed Platforms.ActiveCfg = Release|Win32
		{2AF8A2F9-355A-4B9F-8705-2065D4C129DE}.Release|Mixed Platforms.Build.0 = Release|Win32
		{2AF8A2F9-355A-4B9F-8705-2065D4C129DE}.Release|Win32.ActiveCfg = Release|Win32
		{2AF8A2F9-355A-4B9F-8705-2065D4C129DE}.Release|Win32.Build.0 = Release|Win32
		{2AF8A2F9-355A-4B9F-8705-2065D4C129DE}.Release|x64.ActiveCfg = Release|x64
		{2AF8A2F9-355A-4B9F-8705-2065D4C129DE}.Release|x64.Build.0 = Release|x64
		{2FC14865-015B-4849-9FB6-B2C960AA9ADF}.Debug|Mixed Platforms.ActiveCfg = Debug|Win32
		{2FC14865-015B-4849-9FB6-B2C960AA9ADF}.Debug|Mixed Platforms.Build.0 = Debug|Win32
		{2FC14865-015B-4849-9FB6-B2C960AA9ADF}.Debug|Win32.ActiveCfg = Debug|Win32
		{2FC14865-015B-4849-9FB6-B2C960AA9ADF}.Debug|Win32.Build.0 = Debug|Win32
		{2FC14865-015B-4849-9FB6-B2C960AA9ADF}.Debug|x64.ActiveCfg = Debug|x64
		{2FC14865-015B-4849-9FB6-B2C960AA9ADF}.Debug|x64.Build.0 = Debug|x64
		{2FC14865-015B-4849-9FB6-B2C960AA9ADF}.Release|Mixed Platforms.ActiveCfg = Release|Win32
		{2FC14865-015B-4849-9FB6-B2C960AA9ADF}.Release|Mixed Platforms.Build.0 = Release|Win32
		{2FC14865-015B-4849-9FB6-B2C960AA9ADF}.Release|Win32.ActiveCfg = Release|Win32
		{2FC14865-015B-4849-9FB6-B2C960AA9ADF}.Release|Win32.Build.0 = Release|Win32
		{2FC14865-015B-4849-9FB6-B2C960AA9ADF}.Release|x64.ActiveCfg = Release|x64
		{2FC14865-015B-4849-9FB6-B2C960AA9ADF}.Release|x64.Build.0 = Release|x64
		{020EA52F-BD62-4994-806C-3B001E435F76}.Debug|Mixed Platforms.ActiveCfg = Debug|Win32
		{020EA52F-BD62-4994-806C-3B001E435F76}.Debug|Mixed Platforms.Build.0 = Debug|Win32
		{020EA52F-BD62-4994-806C-3B001E435F76}.Debug|Win32.ActiveCfg = Debug|Win32
		{020EA52F-BD62-4994-806C-3B001E435F76}.Debug|Win32.Build.0 = Debug|Win32
		{020EA52F-BD62-4994-806C-3B001E435F76}.Debug|x64.ActiveCfg = Debug|x64
		{020EA52F-BD62-4994-806C-3B001E435F76}.Debug|x64.Build.0 = Debug|x64
		{020EA52F-BD62-4994-806C-3B001E435F76}.Release|Mixed Platforms.ActiveCfg = Release|Win32
		{020EA52F-BD62-4994-806C-3B001E435F76}.Release|Mixed Platforms.Build.0 = Release|Win32
		{020EA52F-BD62-4994-806C-3B001E435F76}.Release|Win32.ActiveCfg = Release|Win32
		{020EA52F-BD62-4994-806C-3B001E435F76}.Release|Win32.Build.0 = Release|Win32
		{020EA52F-BD62-4994-806C-3B001E435F76}.Release|x64.ActiveCfg = Release|x64
		{020EA52F-BD62-4994-806C-3B001E435F76}.Release|x64.Build.0 = Release|x64
		{8980BCA0-593A-4FF5-82A5-3A202FF0E54B}.Debug|Mixed Platforms.ActiveCfg = Debug|Win32
		{8980BCA0-593A-4FF5-82A5-3A202FF0E54B}.Debug|Mixed Platforms.Build.0 = Debug|Win32
		{8980BCA0-593A-4FF5-82A5-3A202FF0E54B}.Debug|Win32.ActiveCfg = Debug|Win32
		{8980BCA0-593A-4FF5-82A5-3A202FF0E54B}.Debug|Win32.Build.0 = Debug|Win32
		{8980BCA0-593A-4FF5-82A5-3A202FF0E54B}.Debug|x64.ActiveCfg = Debug|x64
		{8980BCA0-593A-4FF5-82A5-3A202FF0E54B}.Debug|x64.Build.0 = Debug|x64
		{8980BCA0-593A-4FF5-82A5-3A202FF0E54B}.Release|Mixed Platforms.ActiveCfg = Release|Win32
		{8980BCA0-593A-4FF5-82A5-3A202FF0E54B}.Release|Mixed Platforms.Build.0 = Release|Win32
		{8980BCA0-593A-4FF5-82A5-3A202FF0E54B}.Release|Win32.ActiveCfg = Release|Win32
		{8980BCA0-593A-4FF5-82A5-3A202FF0E54B}.Release|Win32.Build.0 = Release|Win32
		{8980BCA0-593A-4FF5-82A5-3A202FF0E54B}.Release|x64.ActiveCfg = Release|x64
		{8980BCA0-593A-4FF5-82A5-3A202FF0E54B}.Release|x64.Build.0 = Release|x64
		{AF439554-2A91-4A0B-A1C5-B160B1D3BE36}.Debug|Mixed Platforms.ActiveCfg = Debug|Win32
		{AF439554-2A91-4A0B-A1C5-B160B1D3BE36}.Debug|Mixed Platforms.Build.0 = Debug|Win32
		{AF439554-2A91-4A0B-A1C5-B160B1D3BE36}.Debug|Win32.ActiveCfg = Debug|Win32
		{AF439554-2A91-4A0B-A1C5-B160B1D3BE36}.Debug|Win32.Build.0 = Debug|Win32
		{AF439554-2A91-4A0B-A1C5-B160B1D3BE36}.Debug|x64.ActiveCfg = Debug|x64
		{AF439554-2A91-4A0B-A1C5-B160B1D3BE36}.Debug|x64.Build.0 = Debug|x64
		{AF439554-2A91-4A0B-A1C5-B160B1D3BE36}.Release|Mixed Platforms.ActiveCfg = Release|Win32
		{AF439554-2A91-4A0B-A1C5-B160B1D3BE36}.Release|Mixed Platforms.Build.0 = Release|Win32
		{AF439554-2A91-4A0B-A1C5-B160B1D3BE36}.Release|Win32.ActiveCfg = Release|Win32
		{AF439554-2A91-4A0B-A1C5-B160B1D3BE36}.Release|Win32.Build.0 = Release|Win32
		{AF439554-2A91-4A0B-A1C5-B160B1D3BE36}.Release|x64.ActiveCfg = Release|x64
		{AF439554-2A91-4A0B-A1C5-B160B1D3BE36}.Release|x64.Build.0 = Release|x64
		{48DBE53F-8203-4643-A831-B967145920A5}.Debug|Mixed Platforms.ActiveCfg = Debug|Win32
		{48DBE53F-8203-4643-A831-B967145920A5}.Debug|Mixed Platforms.Build.0 = Debug|Win32
		{48DBE53F-8203-4643-A831-B967145920A5}.Debug|Win32.ActiveCfg = Debug|Win32
		{48DBE53F-8203-4643-A831-B967145920A5}.Debug|Win32.Build.0 = Debug|Win32
		{48DBE53F-8203-4643-A831-B967145920A5}.Debug|x64.ActiveCfg = Debug|x64
		{48DBE53F-8203-4643-A831-B967145920A5}.Debug|x64.Build.0 = Debug|x64
		{48DBE53F-8203-4643-A831-B967145920A5}.Release|Mixed Platforms.ActiveCfg = Release|Win32
		{48DBE53F-8203-4643-A831-B967145920A5}.Release|Mixed Platforms.Build.0 = Release|Win32
		{48DBE53F-8203-4643-A831-B967145920A5}.Release|Win32.ActiveCfg = Release|Win32
		{48DBE53F-8203-4643-A831-B967145920A5}.Release|Win32.Build.0 = Release|Win32
		{48DBE53F-8203-4643-A831-B967145920A5}.Release|x64.ActiveCfg = Release|x64
		{48DBE53F-8203-4643-A831-B967145920A5}.Release|x64.Build.0 = Release|x64
		{EA97F498-9F6D-4B30-9227-07812D82CF44}.Debug|Mixed Platforms.ActiveCfg = Debug|Win32
		{EA97F498-9F6D-4B30-9227-07812D82CF44}.Debug|Mixed Platforms.Build.0 = Debug|Win32
		{EA97F498-9F6D-4B30-9227-07812D82CF44}.Debug|Win32.ActiveCfg = Debug|Win32
		{EA97F498-9F6D-4B30-9227-07812D82CF44}.Debug|Win32.Build.0 = Debug|Win32
		{EA97F498-9F6D-4B30-9227-07812D82CF44}.Debug|x64.ActiveCfg = Debug|x64
		{EA97F498-9F6D-4B30-9227-07812D82CF44}.Debug|x64.Build.0 = Debug|x64
		{EA97F498-9F6D-4B30-9227-07812D82CF44}.Release|Mixed Platforms.ActiveCfg = Release|Win32
		{EA97F498-9F6D-4B30-9227-07812D82CF44}.Release|Mixed Platforms.Build.0 = Release|Win32
		{EA97F498-9F6D-4B30-9227-07812D82CF44}.Release|Win32.ActiveCfg = Release|Win32
		{EA97F498-9F6D-4B30-9227-07812D82CF44}.Release|Win32.Build.0 = Release|Win32
		{EA97F498-9F6D-4B30-9227-07812D82CF44}.Release|x64.ActiveCfg = Release|x64
		{EA97F498-9F6D-4B30-9227-07812D82CF44}.Release|x64.Build.0 = Release|x64
		{0CCFA109-3A18-44CB-8C15-0186038BAA98}.Debug|Mixed Platforms.ActiveCfg = Debug|Win32
		{0CCFA109-3A18-44CB-8C15-0186038BAA98}.Debug|Mixed Platforms.Build.0 = Debug|Win32
		{0CCFA109-3A18-44CB-8C15-0186038BAA98}.Debug|Win32.ActiveCfg = Debug|Win32
		{0CCFA109-3A18-44CB-8C15-0186038BAA98}.Debug|Win32.Build.0 = Debug|Win32
		{0CCFA109-3A18-44CB-8C15-0186038BAA98}.Debug|x64.ActiveCfg = Debug|x64
		{0CCFA109-3A18-44CB-8C15-0186038BAA98}.Debug|x64.Build.0 = Debug|x64
		{0CCFA109-3A18-44CB-8C15-0186038BAA98}.Release|Mixed Platforms.ActiveCfg = Release|Win32
		{0CCFA109-3A18-44CB-8C15-0186038BAA98}.Release|Mixed Platforms.Build.0 = Release|Win32
		{0CCFA109-3A18-44CB-8C15-0186038BAA98}.Release|Win32.ActiveCfg = Release|Win32
		{0CCFA109-3A18-44CB-8C15-0186038BAA98}.Release|Win32.Build.0 = Release|Win32
		{0CCFA109-3A18-44CB-8C15-0186038BAA98}.Release|x64.ActiveCfg = Release|x64
		{0CCFA109-3A18-44CB-8C15-0186038BAA98}.Release|x64.Build.0 = Release|x64
		{C0A74CA6-07AB-4C5C-A789-25BDDEC9EC3D}.Debug|Mixed Platforms.ActiveCfg = Debug|Win32
		{C0A74CA6-07AB-4C5C-A789-25BDDEC9EC3D}.Debug|Mixed Platforms.Build.0 = Debug|Win32
		{C0A74CA6-07AB-4C5C-A789-25BDDEC9EC3D}.Debug|Win32.ActiveCfg = Debug|Win32
		{C0A74CA6-07AB-4C5C-A789-25BDDEC9EC3D}.Debug|Win32.Build.0 = Debug|Win32
		{C0A74CA6-07AB-4C5C-A789-25BDDEC9EC3D}.Debug|x64.ActiveCfg = Debug|x64
		{C0A74CA6-07AB-4C5C-A789-25BDDEC9EC3D}.Debug|x64.Build.0 = Debug|x64
		{C0A74CA6-07AB-4C5C-A789-25BDDEC9EC3D}.Release|Mixed Platforms.ActiveCfg = Release|Win32
		{C0A74CA6-07AB-4C5C-A789-25BDDEC9EC3D}.Release|Mixed Platforms.Build.0 = Release|Win32
		{C0A74CA6-07AB-4C5C-A789-25BDDEC9EC3D}.Release|Win32.ActiveCfg = Release|Win32
		{C0A74CA6-07AB-4C5C-A789-25BDDEC9EC3D}.Release|Win32.Build.0 = Release|Win32
		{C0A74CA6-07AB-4C5C-A789-25BDDEC9EC3D}.Release|x64.ActiveCfg = Release|x64
		{C0A74CA6-07AB-4C5C-A789-25BDDEC9EC3D}.Release|x64.Build.0 = Release|x64
		{CEAF0B42-D139-44FC-BD0D-32E8714C4517}.Debug|Mixed Platforms.ActiveCfg = Debug|Win32
		{CEAF0B42-D139-44FC-BD0D-32E8714C4517}.Debug|Mixed Platforms.Build.0 = Debug|Win32
		{CEAF0B42-D139-44FC-BD0D-32E8714C4517}.Debug|Win32.ActiveCfg = Debug|Win32
		{CEAF0B42-D139-44FC-BD0D-32E8714C4517}.Debug|Win32.Build.0 = Debug|Win32
		{CEAF0B42-D139-44FC-BD0D-32E8714C4517}.Debug|x64.ActiveCfg = Debug|x64
		{CEAF0B42-D139-44FC-BD0D-32E8714C4517}.Debug|x64.Build.0 = Debug|x64
		{CEAF0B42-D139-44FC-BD0D-32E8714C4517}.Release|Mixed Platforms.ActiveCfg = Release|Win32
		{CEAF0B42-D139-44FC-BD0D-32E8714C4517}.Release|Mixed Platforms.Build.0 = Release|Win32
		{CEAF0B42-D139-44FC-BD0D-32E8714C4517}.Release|Win32.ActiveCfg = Release|Win32
		{CEAF0B42-D139-44FC-BD0D-32E8714C4517}.Release|Win32.Build.0 = Release|Win32
		{CEAF0B42-D139-44FC-BD0D-32E8714C4517}.Release|x64.ActiveCfg = Release|x64
		{CEAF0B42-D139-44FC-BD0D-32E8714C4517}.Release|x64.Build.0 = Release|x64
		{C6F084CB-E2B2-47F7-A90B-252633273D4F}.Debug|Mixed Platforms.ActiveCfg = Debug|Win32
		{C6F084CB-E2B2-47F7-A90B-252633273D4F}.Debug|Mixed Platforms.Build.0 = Debug|Win32
		{C6F084CB-E2B2-47F7-A90B-252633273D4F}.Debug|Win32.ActiveCfg = Debug|Win32
		{C6F084CB-E2B2-47F7-A90B-252633273D4F}.Debug|Win32.Build.0 = Debug|Win32
		{C6F084CB-E2B2-47F7-A90B-252633273D4F}.Debug|x64.ActiveCfg = Debug|x64
		{C6F084CB-E2B2-47F7-A90B-252633273D4F}.Debug|x64.Build.0 = Debug|x64
		{C6F084CB-E2B2-47F7-A90B-252633273D4F}.Release|Mixed Platforms.ActiveCfg = Release|Win32
		{C6F084CB-E2B2-47F7-A90B-252633273D4F}.Release|Mixed Platforms.Build.0 = Release|Win32
		{C6F084CB-E2B2-47F7-A90B-252633273D4F}.Release|Win32.ActiveCfg = Release|Win32
		{C6F084CB-E2B2-47F7-A90B-252633273D4F}.Release|Win32.Build.0 = Release|Win32
		{C6F084CB-E2B2-47F7-A90B-252633273D4F}.Release|x64.ActiveCfg = Release|x64
		{C6F084CB-E2B2-47F7-A90B-252633273D4F}.Release|x64.Build.0 = Release|x64
		{4FFADBA4-D038-4D2D-9847-D0ECDF291115}.Debug|Mixed Platforms.ActiveCfg = Debug|Win32
		{4FFADBA4-D038-4D2D-9847-D0ECDF291115}.Debug|Mixed Platforms.Build.0 = Debug|Win32
		{4FFADBA4-D038-4D2D-9847-D0ECDF291115}.Debug|Win32.ActiveCfg = Debug|Win32
		{4FFADBA4-D038-4D2D-9847-D0ECDF291115}.Debug|Win32.Build.0 = Debug|Win32
		{4FFADBA4-D038-4D2D-9847-D0ECDF291115}.Debug|x64.ActiveCfg = Debug|x64
		{4FFADBA4-D038-4D2D-9847-D0ECDF291115}.Debug|x64.Build.0 = Debug|x64
		{4FFADBA4-D038-4D2D-9847-D0ECDF291115}.Release|Mixed Platforms.ActiveCfg = Release|Win32
		{4FFADBA4-D038-4D2D-9847-D0ECDF291115}.Release|Mixed Platforms.Build.0 = Release|Win32
		{4FFADBA4-D038-4D2D-9847-D0ECDF291115}.Release|Win32.ActiveCfg = Release|Win32
		{4FFADBA4-D038-4D2D-9847-D0ECDF291115}.Release|Win32.Build.0 = Release|Win32
		{4FFADBA4-D038-4D2D-9847-D0ECDF291115}.Release|x64.ActiveCfg = Release|x64
		{4FFADBA4-D038-4D2D-9847-D0ECDF291115}.Release|x64.Build.0 = Release|x64
		{9BBAD014-60C1-409E-A240-9A776B8CC620}.Debug|Mixed Platforms.ActiveCfg = Debug|Win32
		{9BBAD014-60C1-409E-A240-9A776B8CC620}.Debug|Mixed Platforms.Build.0 = Debug|Win32
		{9BBAD014-60C1-409E-A240-9A776B8CC620}.Debug|Win32.ActiveCfg = Debug|Win32
		{9BBAD014-60C1-409E-A240-9A776B8CC620}.Debug|Win32.Build.0 = Debug|Win32
		{9BBAD014-60C1-409E-A240-9A776B8CC620}.Debug|x64.ActiveCfg = Debug|x64
		{9BBAD014-60C1-409E-A240-9A776B8CC620}.Debug|x64.Build.0 = Debug|x64
		{9BBAD014-60C1-409E-A240-9A776B8CC620}.Release|Mixed Platforms.ActiveCfg = Release|Win32
		{9BBAD014-60C1-409E-A240-9A776B8CC620}.Release|Mixed Platforms.Build.0 = Release|Win32
		{9BBAD014-60C1-409E-A240-9A776B8CC620}.Release|Win32.ActiveCfg = Release|Win32
		{9BBAD014-60C1-409E-A240-9A776B8CC620}.Release|Win32.Build.0 = Release|Win32
		{9BBAD014-60C1-409E-A240-9A776B8CC620}.Release|x64.ActiveCfg = Release|x64
		{9BBAD014-60C1-409E-A240-9A776B8CC620}.Release|x64.Build.0 = Release|x64
		{1AE4B163-E857-4C68-A85B-AF90AF45836C}.Debug|Mixed Platforms.ActiveCfg = Debug|Win32
		{1AE4B163-E857-4C68-A85B-AF90AF45836C}.Debug|Mixed Platforms.Build.0 = Debug|Win32
		{1AE4B163-E857-4C68-A85B-AF90AF45836C}.Debug|Win32.ActiveCfg = Debug|Win32
		{1AE4B163-E857-4C68-A85B-AF90AF45836C}.Debug|Win32.Build.0 = Debug|Win32
		{1AE4B163-E857-4C68-A85B-AF90AF45836C}.Debug|x64.ActiveCfg = Debug|x64
		{1AE4B163-E857-4C68-A85B-AF90AF45836C}.Debug|x64.Build.0 = Debug|x64
		{1AE4B163-E857-4C68-A85B-AF90AF45836C}.Release|Mixed Platforms.ActiveCfg = Release|Win32
		{1AE4B163-E857-4C68-A85B-AF90AF45836C}.Release|Mixed Platforms.Build.0 = Release|Win32
		{1AE4B163-E857-4C68-A85B-AF90AF45836C}.Release|Win32.ActiveCfg = Release|Win32
		{1AE4B163-E857-4C68-A85B-AF90AF45836C}.Release|Win32.Build.0 = Release|Win32
		{1AE4B163-E857-4C68-A85B-AF90AF45836C}.Release|x64.ActiveCfg = Release|x64
		{1AE4B163-E857-4C68-A85B-AF90AF45836C}.Release|x64.Build.0 = Release|x64
		{9985F87E-26B9-4246-8E74-3F2B1D88B652}.Debug|Mixed Platforms.ActiveCfg = Debug|Win32
		{9985F87E-26B9-4246-8E74-3F2B1D88B652}.Debug|Mixed Platforms.Build.0 = Debug|Win32
		{9985F87E-26B9-4246-8E74-3F2B1D88B652}.Debug|Win32.ActiveCfg = Debug|Win32
		{9985F87E-26B9-4246-8E74-3F2B1D88B652}.Debug|Win32.Build.0 = Debug|Win32
		{9985F87E-26B9-4246-8E74-3F2B1D88B652}.Debug|x64.ActiveCfg = Debug|x64
		{9985F87E-26B9-4246-8E74-3F2B1D88B652}.Debug|x64.Build.0 = Debug|x64
		{9985F87E-26B9-4246-8E74-3F2B1D88B652}.Release|Mixed Platforms.ActiveCfg = Release|Win32
		{9985F87E-26B9-4246-8E74-3F2B1D88B652}.Release|Mixed Platforms.Build.0 = Release|Win32
		{9985F87E-26B9-4246-8E74-3F2B1D88B652}.Release|Win32.ActiveCfg = Release|Win32
		{9985F87E-26B9-4246-8E74-3F2B1D88B652}.Release|Win32.Build.0 = Release|Win32
		{9985F87E-26B9-4246-8E74-3F2B1D88B652}.Release|x64.ActiveCfg = Release|x64
		{9985F87E-26B9-4246-8E74-3F2B1D88B652}.Release|x64.Build.0 = Release|x64
	EndGlobalSection
	GlobalSection(SolutionProperties) = preSolution
		HideSolutionNode = FALSE
	EndGlobalSection
	GlobalSection(ExtensibilityGlobals) = postSolution
		SolutionGuid = {AACC5E76-E767-4048-95E4-AC5DCB5DBC6E}
	EndGlobalSection
EndGlobal
